
Microsoft Visual Studio Solution File, Format Version 12.00
# Visual Studio 15
VisualStudioVersion = 15.0.28307.1062
MinimumVisualStudioVersion = 10.0.40219.1
Project("{FAE04EC0-301F-11D3-BF4B-00C04F79EFBC}") = "Getting Numbers From Text Boxes", "Getting Numbers From Text Boxes\Getting Numbers From Text Boxes.csproj", "{AD1A6726-6314-410E-BD49-B2F70EE7D81D}"
EndProject
Global
	GlobalSection(SolutionConfigurationPlatforms) = preSolution
		Debug|Any CPU = Debug|Any CPU
		Release|Any CPU = Release|Any CPU
	EndGlobalSection
	GlobalSection(ProjectConfigurationPlatforms) = postSolution
		{AD1A6726-6314-410E-BD49-B2F70EE7D81D}.Debug|Any CPU.ActiveCfg = Debug|Any CPU
		{AD1A6726-6314-410E-BD49-B2F70EE7D81D}.Debug|Any CPU.Build.0 = Debug|Any CPU
		{AD1A6726-6314-410E-BD49-B2F70EE7D81D}.Release|Any CPU.ActiveCfg = Release|Any CPU
		{AD1A6726-6314-410E-BD49-B2F70EE7D81D}.Release|Any CPU.Build.0 = Release|Any CPU
	EndGlobalSection
	GlobalSection(SolutionProperties) = preSolution
		HideSolutionNode = FALSE
	EndGlobalSection
	GlobalSection(ExtensibilityGlobals) = postSolution
		SolutionGuid = {4AC659E5-127C-4913-8725-CED9AD953C19}
	EndGlobalSection
EndGlobal
